{
  "requires": true,
  "lockfileVersion": 1,
  "dependencies": {
    "@korzio/djv-draft-04": {
      "version": "2.0.1",
      "resolved": "https://registry.npmjs.org/@korzio/djv-draft-04/-/djv-draft-04-2.0.1.tgz",
      "integrity": "sha512-MeTVcNsfCIYxK6T7jW1sroC7dBAb4IfLmQe6RoCqlxHN5NFkzNpgdnBPR+/0D2wJDUJHM9s9NQv+ouhxKjvUjg==",
      "optional": true
    },
    "djv": {
      "version": "2.1.3-alpha.0",
      "resolved": "https://registry.npmjs.org/djv/-/djv-2.1.3-alpha.0.tgz",
      "integrity": "sha512-vrKAFr/wbhMjfqo+eoXZRIx/6YbN1DSZlxUsE3tHDPYB0zWRtOBhqmKbcgCjfP3+KevqidBGn2jNRnqRhjIzYg==",
      "requires": {
        "@korzio/djv-draft-04": "^2.0.1"
      }
    }
  }
}
